// !$*UTF8*$!
{
	archiveVersion = 1;
	classes = {
	};
	objectVersion = 46;
	objects = {

/* Begin PBXBuildFile section */
		AA89A1051B9DD4CA008A3EBB /* main.m in Sources */ = {isa = PBXBuildFile; fileRef = AA89A1041B9DD4CA008A3EBB /* main.m */; };
		AA89A1081B9DD4CA008A3EBB /* AppDelegate.m in Sources */ = {isa = PBXBuildFile; fileRef = AA89A1071B9DD4CA008A3EBB /* AppDelegate.m */; };
		AA89A10B1B9DD4CA008A3EBB /* ViewController.m in Sources */ = {isa = PBXBuildFile; fileRef = AA89A10A1B9DD4CA008A3EBB /* ViewController.m */; };
		AA89A10E1B9DD4CA008A3EBB /* Main.storyboard in Resources */ = {isa = PBXBuildFile; fileRef = AA89A10C1B9DD4CA008A3EBB /* Main.storyboard */; };
		AA89A1101B9DD4CA008A3EBB /* Images.xcassets in Resources */ = {isa = PBXBuildFile; fileRef = AA89A10F1B9DD4CA008A3EBB /* Images.xcassets */; };
		AA89A1131B9DD4CA008A3EBB /* LaunchScreen.xib in Resources */ = {isa = PBXBuildFile; fileRef = AA89A1111B9DD4CA008A3EBB /* LaunchScreen.xib */; };
		AA89A11F1B9DD4CA008A3EBB /* FloorPlanTests.m in Sources */ = {isa = PBXBuildFile; fileRef = AA89A11E1B9DD4CA008A3EBB /* FloorPlanTests.m */; };
		AA89A12A1B9DD4ED008A3EBB /* AGUIFloorPlan.m in Sources */ = {isa = PBXBuildFile; fileRef = AA89A1291B9DD4ED008A3EBB /* AGUIFloorPlan.m */; };
/* End PBXBuildFile section */

/* Begin PBXContainerItemProxy section */
		AA89A1191B9DD4CA008A3EBB /* PBXContainerItemProxy */ = {
			isa = PBXContainerItemProxy;
			containerPortal = AA89A0F71B9DD4CA008A3EBB /* Project object */;
			proxyType = 1;
			remoteGlobalIDString = AA89A0FE1B9DD4CA008A3EBB;
			remoteInfo = FloorPlan;
		};
/* End PBXContainerItemProxy section */

/* Begin PBXFileReference section */
		AA89A0FF1B9DD4CA008A3EBB /* FloorPlan.app */ = {isa = PBXFileReference; explicitFileType = wrapper.application; includeInIndex = 0; path = FloorPlan.app; sourceTree = BUILT_PRODUCTS_DIR; };
		AA89A1031B9DD4CA008A3EBB /* Info.plist */ = {isa = PBXFileReference; lastKnownFileType = text.plist.xml; path = Info.plist; sourceTree = "<group>"; };
		AA89A1041B9DD4CA008A3EBB /* main.m */ = {isa = PBXFileReference; lastKnownFileType = sourcecode.c.objc; path = main.m; sourceTree = "<group>"; };
		AA89A1061B9DD4CA008A3EBB /* AppDelegate.h */ = {isa = PBXFileReference; lastKnownFileType = sourcecode.c.h; path = AppDelegate.h; sourceTree = "<group>"; };
		AA89A1071B9DD4CA008A3EBB /* AppDelegate.m */ = {isa = PBXFileReference; lastKnownFileType = sourcecode.c.objc; path = AppDelegate.m; sourceTree = "<group>"; };
		AA89A1091B9DD4CA008A3EBB /* ViewController.h */ = {isa = PBXFileReference; lastKnownFileType = sourcecode.c.h; path = ViewController.h; sourceTree = "<group>"; };
		AA89A10A1B9DD4CA008A3EBB /* ViewController.m */ = {isa = PBXFileReference; lastKnownFileType = sourcecode.c.objc; path = ViewController.m; sourceTree = "<group>"; };
		AA89A10D1B9DD4CA008A3EBB /* Base */ = {isa = PBXFileReference; lastKnownFileType = file.storyboard; name = Base; path = Base.lproj/Main.storyboard; sourceTree = "<group>"; };
		AA89A10F1B9DD4CA008A3EBB /* Images.xcassets */ = {isa = PBXFileReference; lastKnownFileType = folder.assetcatalog; path = Images.xcassets; sourceTree = "<group>"; };
		AA89A1121B9DD4CA008A3EBB /* Base */ = {isa = PBXFileReference; lastKnownFileType = file.xib; name = Base; path = Base.lproj/LaunchScreen.xib; sourceTree = "<group>"; };
		AA89A1181B9DD4CA008A3EBB /* FloorPlanTests.xctest */ = {isa = PBXFileReference; explicitFileType = wrapper.cfbundle; includeInIndex = 0; path = FloorPlanTests.xctest; sourceTree = BUILT_PRODUCTS_DIR; };
		AA89A11D1B9DD4CA008A3EBB /* Info.plist */ = {isa = PBXFileReference; lastKnownFileType = text.plist.xml; path = Info.plist; sourceTree = "<group>"; };
		AA89A11E1B9DD4CA008A3EBB /* FloorPlanTests.m */ = {isa = PBXFileReference; lastKnownFileType = sourcecode.c.objc; path = FloorPlanTests.m; sourceTree = "<group>"; };
		AA89A1281B9DD4ED008A3EBB /* AGUIFloorPlan.h */ = {isa = PBXFileReference; fileEncoding = 4; lastKnownFileType = sourcecode.c.h; path = AGUIFloorPlan.h; sourceTree = "<group>"; };
		AA89A1291B9DD4ED008A3EBB /* AGUIFloorPlan.m */ = {isa = PBXFileReference; fileEncoding = 4; lastKnownFileType = sourcecode.c.objc; path = AGUIFloorPlan.m; sourceTree = "<group>"; };
/* End PBXFileReference section */

/* Begin PBXFrameworksBuildPhase section */
		AA89A0FC1B9DD4CA008A3EBB /* Frameworks */ = {
			isa = PBXFrameworksBuildPhase;
			buildActionMask = 2147483647;
			files = (
			);
			runOnlyForDeploymentPostprocessing = 0;
		};
		AA89A1151B9DD4CA008A3EBB /* Frameworks */ = {
			isa = PBXFrameworksBuildPhase;
			buildActionMask = 2147483647;
			files = (
			);
			runOnlyForDeploymentPostprocessing = 0;
		};
/* End PBXFrameworksBuildPhase section */

/* Begin PBXGroup section */
		AA89A0F61B9DD4CA008A3EBB = {
			isa = PBXGroup;
			children = (
				AA89A1011B9DD4CA008A3EBB /* FloorPlan */,
				AA89A11B1B9DD4CA008A3EBB /* FloorPlanTests */,
				AA89A1001B9DD4CA008A3EBB /* Products */,
			);
			sourceTree = "<group>";
		};
		AA89A1001B9DD4CA008A3EBB /* Products */ = {
			isa = PBXGroup;
			children = (
				AA89A0FF1B9DD4CA008A3EBB /* FloorPlan.app */,
				AA89A1181B9DD4CA008A3EBB /* FloorPlanTests.xctest */,
			);
			name = Products;
			sourceTree = "<group>";
		};
		AA89A1011B9DD4CA008A3EBB /* FloorPlan */ = {
			isa = PBXGroup;
			children = (
				AA89A1061B9DD4CA008A3EBB /* AppDelegate.h */,
				AA89A1071B9DD4CA008A3EBB /* AppDelegate.m */,
				AA89A1091B9DD4CA008A3EBB /* ViewController.h */,
				AA89A10A1B9DD4CA008A3EBB /* ViewController.m */,
				AA89A1281B9DD4ED008A3EBB /* AGUIFloorPlan.h */,
				AA89A1291B9DD4ED008A3EBB /* AGUIFloorPlan.m */,
				AA89A10C1B9DD4CA008A3EBB /* Main.storyboard */,
				AA89A10F1B9DD4CA008A3EBB /* Images.xcassets */,
				AA89A1111B9DD4CA008A3EBB /* LaunchScreen.xib */,
				AA89A1021B9DD4CA008A3EBB /* Supporting Files */,
			);
			path = FloorPlan;
			sourceTree = "<group>";
		};
		AA89A1021B9DD4CA008A3EBB /* Supporting Files */ = {
			isa = PBXGroup;
			children = (
				AA89A1031B9DD4CA008A3EBB /* Info.plist */,
				AA89A1041B9DD4CA008A3EBB /* main.m */,
			);
			name = "Supporting Files";
			sourceTree = "<group>";
		};
		AA89A11B1B9DD4CA008A3EBB /* FloorPlanTests */ = {
			isa = PBXGroup;
			children = (
				AA89A11E1B9DD4CA008A3EBB /* FloorPlanTests.m */,
				AA89A11C1B9DD4CA008A3EBB /* Supporting Files */,
			);
			path = FloorPlanTests;
			sourceTree = "<group>";
		};
		AA89A11C1B9DD4CA008A3EBB /* Supporting Files */ = {
			isa = PBXGroup;
			children = (
				AA89A11D1B9DD4CA008A3EBB /* Info.plist */,
			);
			name = "Supporting Files";
			sourceTree = "<group>";
		};
/* End PBXGroup section */

/* Begin PBXNativeTarget section */
		AA89A0FE1B9DD4CA008A3EBB /* FloorPlan */ = {
			isa = PBXNativeTarget;
			buildConfigurationList = AA89A1221B9DD4CA008A3EBB /* Build configuration list for PBXNativeTarget "FloorPlan" */;
			buildPhases = (
				AA89A0FB1B9DD4CA008A3EBB /* Sources */,
				AA89A0FC1B9DD4CA008A3EBB /* Frameworks */,
				AA89A0FD1B9DD4CA008A3EBB /* Resources */,
			);
			buildRules = (
			);
			dependencies = (
			);
			name = FloorPlan;
			productName = FloorPlan;
			productReference = AA89A0FF1B9DD4CA008A3EBB /* FloorPlan.app */;
			productType = "com.apple.product-type.application";
		};
		AA89A1171B9DD4CA008A3EBB /* FloorPlanTests */ = {
			isa = PBXNativeTarget;
			buildConfigurationList = AA89A1251B9DD4CA008A3EBB /* Build configuration list for PBXNativeTarget "FloorPlanTests" */;
			buildPhases = (
				AA89A1141B9DD4CA008A3EBB /* Sources */,
				AA89A1151B9DD4CA008A3EBB /* Frameworks */,
				AA89A1161B9DD4CA008A3EBB /* Resources */,
			);
			buildRules = (
			);
			dependencies = (
				AA89A11A1B9DD4CA008A3EBB /* PBXTargetDependency */,
			);
			name = FloorPlanTests;
			productName = FloorPlanTests;
			productReference = AA89A1181B9DD4CA008A3EBB /* FloorPlanTests.xctest */;
			productType = "com.apple.product-type.bundle.unit-test";
		};
/* End PBXNativeTarget section */

/* Begin PBXProject section */
		AA89A0F71B9DD4CA008A3EBB /* Project object */ = {
			isa = PBXProject;
			attributes = {
				LastUpgradeCheck = 0640;
				ORGANIZATIONNAME = Aptito;
				TargetAttributes = {
					AA89A0FE1B9DD4CA008A3EBB = {
						CreatedOnToolsVersion = 6.4;
					};
					AA89A1171B9DD4CA008A3EBB = {
						CreatedOnToolsVersion = 6.4;
						TestTargetID = AA89A0FE1B9DD4CA008A3EBB;
					};
				};
			};
			buildConfigurationList = AA89A0FA1B9DD4CA008A3EBB /* Build configuration list for PBXProject "FloorPlan" */;
			compatibilityVersion = "Xcode 3.2";
			developmentRegion = English;
			hasScannedForEncodings = 0;
			knownRegions = (
				en,
				Base,
			);
			mainGroup = AA89A0F61B9DD4CA008A3EBB;
			productRefGroup = AA89A1001B9DD4CA008A3EBB /* Products */;
			projectDirPath = "";
			projectRoot = "";
			targets = (
				AA89A0FE1B9DD4CA008A3EBB /* FloorPlan */,
				AA89A1171B9DD4CA008A3EBB /* FloorPlanTests */,
			);
		};
/* End PBXProject section */

/* Begin PBXResourcesBuildPhase section */
		AA89A0FD1B9DD4CA008A3EBB /* Resources */ = {
			isa = PBXResourcesBuildPhase;
			buildActionMask = 2147483647;
			files = (
				AA89A10E1B9DD4CA008A3EBB /* Main.storyboard in Resources */,
				AA89A1131B9DD4CA008A3EBB /* LaunchScreen.xib in Resources */,
				AA89A1101B9DD4CA008A3EBB /* Images.xcassets in Resources */,
			);
			runOnlyForDeploymentPostprocessing = 0;
		};
		AA89A1161B9DD4CA008A3EBB /* Resources */ = {
			isa = PBXResourcesBuildPhase;
			buildActionMask = 2147483647;
			files = (
			);
			runOnlyForDeploymentPostprocessing = 0;
		};
/* End PBXResourcesBuildPhase section */

/* Begin PBXSourcesBuildPhase section */
		AA89A0FB1B9DD4CA008A3EBB /* Sources */ = {
			isa = PBXSourcesBuildPhase;
			buildActionMask = 2147483647;
			files = (
				AA89A10B1B9DD4CA008A3EBB /* ViewController.m in Sources */,
				AA89A12A1B9DD4ED008A3EBB /* AGUIFloorPlan.m in Sources */,
				AA89A1081B9DD4CA008A3EBB /* AppDelegate.m in Sources */,
				AA89A1051B9DD4CA008A3EBB /* main.m in Sources */,
			);
			runOnlyForDeploymentPostprocessing = 0;
		};
		AA89A1141B9DD4CA008A3EBB /* Sources */ = {
			isa = PBXSourcesBuildPhase;
			buildActionMask = 2147483647;
			files = (
				AA89A11F1B9DD4CA008A3EBB /* FloorPlanTests.m in Sources */,
			);
			runOnlyForDeploymentPostprocessing = 0;
		};
/* End PBXSourcesBuildPhase section */

/* Begin PBXTargetDependency section */
		AA89A11A1B9DD4CA008A3EBB /* PBXTargetDependency */ = {
			isa = PBXTargetDependency;
			target = AA89A0FE1B9DD4CA008A3EBB /* FloorPlan */;
			targetProxy = AA89A1191B9DD4CA008A3EBB /* PBXContainerItemProxy */;
		};
/* End PBXTargetDependency section */

/* Begin PBXVariantGroup section */
		AA89A10C1B9DD4CA008A3EBB /* Main.storyboard */ = {
			isa = PBXVariantGroup;
			children = (
				AA89A10D1B9DD4CA008A3EBB /* Base */,
			);
			name = Main.storyboard;
			sourceTree = "<group>";
		};
		AA89A1111B9DD4CA008A3EBB /* LaunchScreen.xib */ = {
			isa = PBXVariantGroup;
			children = (
				AA89A1121B9DD4CA008A3EBB /* Base */,
			);
			name = LaunchScreen.xib;
			sourceTree = "<group>";
		};
/* End PBXVariantGroup section */

/* Begin XCBuildConfiguration section */
		AA89A1201B9DD4CA008A3EBB /* Debug */ = {
			isa = XCBuildConfiguration;
			buildSettings = {
				ALWAYS_SEARCH_USER_PATHS = NO;
				CLANG_CXX_LANGUAGE_STANDARD = "gnu++0x";
				CLANG_CXX_LIBRARY = "libc++";
				CLANG_ENABLE_MODULES = YES;
				CLANG_ENABLE_OBJC_ARC = YES;
				CLANG_WARN_BOOL_CONVERSION = YES;
				CLANG_WARN_CONSTANT_CONVERSION = YES;
				CLANG_WARN_DIRECT_OBJC_ISA_USAGE = YES_ERROR;
				CLANG_WARN_EMPTY_BODY = YES;
				CLANG_WARN_ENUM_CONVERSION = YES;
				CLANG_WARN_INT_CONVERSION = YES;
				CLANG_WARN_OBJC_ROOT_CLASS = YES_ERROR;
				CLANG_WARN_UNREACHABLE_CODE = YES;
				CLANG_WARN__DUPLICATE_METHOD_MATCH = YES;
				"CODE_SIGN_IDENTITY[sdk=iphoneos*]" = "iPhone Developer";
				COPY_PHASE_STRIP = NO;
				DEBUG_INFORMATION_FORMAT = "dwarf-with-dsym";
				ENABLE_STRICT_OBJC_MSGSEND = YES;
				GCC_C_LANGUAGE_STANDARD = gnu99;
				GCC_DYNAMIC_NO_PIC = NO;
				GCC_NO_COMMON_BLOCKS = YES;
				GCC_OPTIMIZATION_LEVEL = 0;
				GCC_PREPROCESSOR_DEFINITIONS = (
					"DEBUG=1",
					"$(inherited)",
				);
				GCC_SYMBOLS_PRIVATE_EXTERN = NO;
				GCC_WARN_64_TO_32_BIT_CONVERSION = YES;
				GCC_WARN_ABOUT_RETURN_TYPE = YES_ERROR;
				GCC_WARN_UNDECLARED_SELECTOR = YES;
				GCC_WARN_UNINITIALIZED_AUTOS = YES_AGGRESSIVE;
				GCC_WARN_UNUSED_FUNCTION = YES;
				GCC_WARN_UNUSED_VARIABLE = YES;
				IPHONEOS_DEPLOYMENT_TARGET = 8.4;
				MTL_ENABLE_DEBUG_INFO = YES;
				ONLY_ACTIVE_ARCH = YES;
				SDKROOT = iphoneos;
				TARGETED_DEVICE_FAMILY = "1,2";
			};
			name = Debug;
		};
		AA89A1211B9DD4CA008A3EBB /* Release */ = {
			isa = XCBuildConfiguration;
			buildSettings = {
				ALWAYS_SEARCH_USER_PATHS = NO;
				CLANG_CXX_LANGUAGE_STANDARD = "gnu++0x";
				CLANG_CXX_LIBRARY = "libc++";
				CLANG_ENABLE_MODULES = YES;
				CLANG_ENABLE_OBJC_ARC = YES;
				CLANG_WARN_BOOL_CONVERSION = YES;
				CLANG_WARN_CONSTANT_CONVERSION = YES;
				CLANG_WARN_DIRECT_OBJC_ISA_USAGE = YES_ERROR;
				CLANG_WARN_EMPTY_BODY = YES;
				CLANG_WARN_ENUM_CONVERSION = YES;
				CLANG_WARN_INT_CONVERSION = YES;
				CLANG_WARN_OBJC_ROOT_CLASS = YES_ERROR;
				CLANG_WARN_UNREACHABLE_CODE = YES;
				CLANG_WARN__DUPLICATE_METHOD_MATCH = YES;
				"CODE_SIGN_IDENTITY[sdk=iphoneos*]" = "iPhone Developer";
				COPY_PHASE_STRIP = NO;
				DEBUG_INFORMATION_FORMAT = "dwarf-with-dsym";
				ENABLE_NS_ASSERTIONS = NO;
				ENABLE_STRICT_OBJC_MSGSEND = YES;
				GCC_C_LANGUAGE_STANDARD = gnu99;
				GCC_NO_COMMON_BLOCKS = YES;
				GCC_WARN_64_TO_32_BIT_CONVERSION = YES;
				GCC_WARN_ABOUT_RETURN_TYPE = YES_ERROR;
				GCC_WARN_UNDECLARED_SELECTOR = YES;
				GCC_WARN_UNINITIALIZED_AUTOS = YES_AGGRESSIVE;
				GCC_WARN_UNUSED_FUNCTION = YES;
				GCC_WARN_UNUSED_VARIABLE = YES;
				IPHONEOS_DEPLOYMENT_TARGET = 8.4;
				MTL_ENABLE_DEBUG_INFO = NO;
				SDKROOT = iphoneos;
				TARGETED_DEVICE_FAMILY = "1,2";
				VALIDATE_PRODUCT = YES;
			};
			name = Release;
		};
		AA89A1231B9DD4CA008A3EBB /* Debug */ = {
			isa = XCBuildConfiguration;
			buildSettings = {
				ASSETCATALOG_COMPILER_APPICON_NAME = AppIcon;
				INFOPLIST_FILE = FloorPlan/Info.plist;
				LD_RUNPATH_SEARCH_PATHS = "$(inherited) @executable_path/Frameworks";
				PRODUCT_NAME = "$(TARGET_NAME)";
			};
			name = Debug;
		};
		AA89A1241B9DD4CA008A3EBB /* Release */ = {
			isa = XCBuildConfiguration;
			buildSettings = {
				ASSETCATALOG_COMPILER_APPICON_NAME = AppIcon;
				INFOPLIST_FILE = FloorPlan/Info.plist;
				LD_RUNPATH_SEARCH_PATHS = "$(inherited) @executable_path/Frameworks";
				PRODUCT_NAME = "$(TARGET_NAME)";
			};
			name = Release;
		};
		AA89A1261B9DD4CA008A3EBB /* Debug */ = {
			isa = XCBuildConfiguration;
			buildSettings = {
				BUNDLE_LOADER = "$(TEST_HOST)";
				FRAMEWORK_SEARCH_PATHS = (
					"$(SDKROOT)/Developer/Library/Frameworks",
					"$(inherited)",
				);
				GCC_PREPROCESSOR_DEFINITIONS = (
					"DEBUG=1",
					"$(inherited)",
				);
				INFOPLIST_FILE = FloorPlanTests/Info.plist;
				LD_RUNPATH_SEARCH_PATHS = "$(inherited) @executable_path/Frameworks @loader_path/Frameworks";
				PRODUCT_NAME = "$(TARGET_NAME)";
				TEST_HOST = "$(BUILT_PRODUCTS_DIR)/FloorPlan.app/FloorPlan";
			};
			name = Debug;
		};
		AA89A1271B9DD4CA008A3EBB /* Release */ = {
			isa = XCBuildConfiguration;
			buildSettings = {
				BUNDLE_LOADER = "$(TEST_HOST)";
				FRAMEWORK_SEARCH_PATHS = (
					"$(SDKROOT)/Developer/Library/Frameworks",
					"$(inherited)",
				);
				INFOPLIST_FILE = FloorPlanTests/Info.plist;
				LD_RUNPATH_SEARCH_PATHS = "$(inherited) @executable_path/Frameworks @loader_path/Frameworks";
				PRODUCT_NAME = "$(TARGET_NAME)";
				TEST_HOST = "$(BUILT_PRODUCTS_DIR)/FloorPlan.app/FloorPlan";
			};
			name = Release;
		};
/* End XCBuildConfiguration section */

/* Begin XCConfigurationList section */
		AA89A0FA1B9DD4CA008A3EBB /* Build configuration list for PBXProject "FloorPlan" */ = {
			isa = XCConfigurationList;
			buildConfigurations = (
				AA89A1201B9DD4CA008A3EBB /* Debug */,
				AA89A1211B9DD4CA008A3EBB /* Release */,
			);
			defaultConfigurationIsVisible = 0;
			defaultConfigurationName = Release;
		};
		AA89A1221B9DD4CA008A3EBB /* Build configuration list for PBXNativeTarget "FloorPlan" */ = {
			isa = XCConfigurationList;
			buildConfigurations = (
				AA89A1231B9DD4CA008A3EBB /* Debug */,
				AA89A1241B9DD4CA008A3EBB /* Release */,
			);
			defaultConfigurationIsVisible = 0;
		};
		AA89A1251B9DD4CA008A3EBB /* Build configuration list for PBXNativeTarget "FloorPlanTests" */ = {
			isa = XCConfigurationList;
			buildConfigurations = (
				AA89A1261B9DD4CA008A3EBB /* Debug */,
				AA89A1271B9DD4CA008A3EBB /* Release */,
			);
			defaultConfigurationIsVisible = 0;
		};
/* End XCConfigurationList section */
	};
	rootObject = AA89A0F71B9DD4CA008A3EBB /* Project object */;
}
