// !$*UTF8*$!
{
	archiveVersion = 1;
	classes = {
	};
	objectVersion = 46;
	objects = {

/* Begin PBXBuildFile section */
		AAC8FE261C0C902F00C1A2A9 /* main.m in Sources */ = {isa = PBXBuildFile; fileRef = AAC8FE251C0C902F00C1A2A9 /* main.m */; };
		AAC8FE291C0C902F00C1A2A9 /* AppDelegate.m in Sources */ = {isa = PBXBuildFile; fileRef = AAC8FE281C0C902F00C1A2A9 /* AppDelegate.m */; };
		AAC8FE2C1C0C902F00C1A2A9 /* ViewController.m in Sources */ = {isa = PBXBuildFile; fileRef = AAC8FE2B1C0C902F00C1A2A9 /* ViewController.m */; };
		AAC8FE2F1C0C902F00C1A2A9 /* Main.storyboard in Resources */ = {isa = PBXBuildFile; fileRef = AAC8FE2D1C0C902F00C1A2A9 /* Main.storyboard */; };
		AAC8FE311C0C902F00C1A2A9 /* Assets.xcassets in Resources */ = {isa = PBXBuildFile; fileRef = AAC8FE301C0C902F00C1A2A9 /* Assets.xcassets */; };
		AAC8FE341C0C902F00C1A2A9 /* LaunchScreen.storyboard in Resources */ = {isa = PBXBuildFile; fileRef = AAC8FE321C0C902F00C1A2A9 /* LaunchScreen.storyboard */; };
		AAC8FE3F1C0C903000C1A2A9 /* objctestTests.m in Sources */ = {isa = PBXBuildFile; fileRef = AAC8FE3E1C0C903000C1A2A9 /* objctestTests.m */; };
		AAC8FE4A1C0C903000C1A2A9 /* objctestUITests.m in Sources */ = {isa = PBXBuildFile; fileRef = AAC8FE491C0C903000C1A2A9 /* objctestUITests.m */; };
/* End PBXBuildFile section */

/* Begin PBXContainerItemProxy section */
		AAC8FE3B1C0C903000C1A2A9 /* PBXContainerItemProxy */ = {
			isa = PBXContainerItemProxy;
			containerPortal = AAC8FE191C0C902F00C1A2A9 /* Project object */;
			proxyType = 1;
			remoteGlobalIDString = AAC8FE201C0C902F00C1A2A9;
			remoteInfo = objctest;
		};
		AAC8FE461C0C903000C1A2A9 /* PBXContainerItemProxy */ = {
			isa = PBXContainerItemProxy;
			containerPortal = AAC8FE191C0C902F00C1A2A9 /* Project object */;
			proxyType = 1;
			remoteGlobalIDString = AAC8FE201C0C902F00C1A2A9;
			remoteInfo = objctest;
		};
/* End PBXContainerItemProxy section */

/* Begin PBXFileReference section */
		AAC8FE211C0C902F00C1A2A9 /* objctest.app */ = {isa = PBXFileReference; explicitFileType = wrapper.application; includeInIndex = 0; path = objctest.app; sourceTree = BUILT_PRODUCTS_DIR; };
		AAC8FE251C0C902F00C1A2A9 /* main.m */ = {isa = PBXFileReference; lastKnownFileType = sourcecode.c.objc; path = main.m; sourceTree = "<group>"; };
		AAC8FE271C0C902F00C1A2A9 /* AppDelegate.h */ = {isa = PBXFileReference; lastKnownFileType = sourcecode.c.h; path = AppDelegate.h; sourceTree = "<group>"; };
		AAC8FE281C0C902F00C1A2A9 /* AppDelegate.m */ = {isa = PBXFileReference; lastKnownFileType = sourcecode.c.objc; path = AppDelegate.m; sourceTree = "<group>"; };
		AAC8FE2A1C0C902F00C1A2A9 /* ViewController.h */ = {isa = PBXFileReference; lastKnownFileType = sourcecode.c.h; path = ViewController.h; sourceTree = "<group>"; };
		AAC8FE2B1C0C902F00C1A2A9 /* ViewController.m */ = {isa = PBXFileReference; lastKnownFileType = sourcecode.c.objc; path = ViewController.m; sourceTree = "<group>"; };
		AAC8FE2E1C0C902F00C1A2A9 /* Base */ = {isa = PBXFileReference; lastKnownFileType = file.storyboard; name = Base; path = Base.lproj/Main.storyboard; sourceTree = "<group>"; };
		AAC8FE301C0C902F00C1A2A9 /* Assets.xcassets */ = {isa = PBXFileReference; lastKnownFileType = folder.assetcatalog; path = Assets.xcassets; sourceTree = "<group>"; };
		AAC8FE331C0C902F00C1A2A9 /* Base */ = {isa = PBXFileReference; lastKnownFileType = file.storyboard; name = Base; path = Base.lproj/LaunchScreen.storyboard; sourceTree = "<group>"; };
		AAC8FE351C0C902F00C1A2A9 /* Info.plist */ = {isa = PBXFileReference; lastKnownFileType = text.plist.xml; path = Info.plist; sourceTree = "<group>"; };
		AAC8FE3A1C0C903000C1A2A9 /* objctestTests.xctest */ = {isa = PBXFileReference; explicitFileType = wrapper.cfbundle; includeInIndex = 0; path = objctestTests.xctest; sourceTree = BUILT_PRODUCTS_DIR; };
		AAC8FE3E1C0C903000C1A2A9 /* objctestTests.m */ = {isa = PBXFileReference; lastKnownFileType = sourcecode.c.objc; path = objctestTests.m; sourceTree = "<group>"; };
		AAC8FE401C0C903000C1A2A9 /* Info.plist */ = {isa = PBXFileReference; lastKnownFileType = text.plist.xml; path = Info.plist; sourceTree = "<group>"; };
		AAC8FE451C0C903000C1A2A9 /* objctestUITests.xctest */ = {isa = PBXFileReference; explicitFileType = wrapper.cfbundle; includeInIndex = 0; path = objctestUITests.xctest; sourceTree = BUILT_PRODUCTS_DIR; };
		AAC8FE491C0C903000C1A2A9 /* objctestUITests.m */ = {isa = PBXFileReference; lastKnownFileType = sourcecode.c.objc; path = objctestUITests.m; sourceTree = "<group>"; };
		AAC8FE4B1C0C903000C1A2A9 /* Info.plist */ = {isa = PBXFileReference; lastKnownFileType = text.plist.xml; path = Info.plist; sourceTree = "<group>"; };
/* End PBXFileReference section */

/* Begin PBXFrameworksBuildPhase section */
		AAC8FE1E1C0C902F00C1A2A9 /* Frameworks */ = {
			isa = PBXFrameworksBuildPhase;
			buildActionMask = 2147483647;
			files = (
			);
			runOnlyForDeploymentPostprocessing = 0;
		};
		AAC8FE371C0C903000C1A2A9 /* Frameworks */ = {
			isa = PBXFrameworksBuildPhase;
			buildActionMask = 2147483647;
			files = (
			);
			runOnlyForDeploymentPostprocessing = 0;
		};
		AAC8FE421C0C903000C1A2A9 /* Frameworks */ = {
			isa = PBXFrameworksBuildPhase;
			buildActionMask = 2147483647;
			files = (
			);
			runOnlyForDeploymentPostprocessing = 0;
		};
/* End PBXFrameworksBuildPhase section */

/* Begin PBXGroup section */
		AAC8FE181C0C902F00C1A2A9 = {
			isa = PBXGroup;
			children = (
				AAC8FE231C0C902F00C1A2A9 /* objctest */,
				AAC8FE3D1C0C903000C1A2A9 /* objctestTests */,
				AAC8FE481C0C903000C1A2A9 /* objctestUITests */,
				AAC8FE221C0C902F00C1A2A9 /* Products */,
			);
			sourceTree = "<group>";
		};
		AAC8FE221C0C902F00C1A2A9 /* Products */ = {
			isa = PBXGroup;
			children = (
				AAC8FE211C0C902F00C1A2A9 /* objctest.app */,
				AAC8FE3A1C0C903000C1A2A9 /* objctestTests.xctest */,
				AAC8FE451C0C903000C1A2A9 /* objctestUITests.xctest */,
			);
			name = Products;
			sourceTree = "<group>";
		};
		AAC8FE231C0C902F00C1A2A9 /* objctest */ = {
			isa = PBXGroup;
			children = (
				AAC8FE271C0C902F00C1A2A9 /* AppDelegate.h */,
				AAC8FE281C0C902F00C1A2A9 /* AppDelegate.m */,
				AAC8FE2A1C0C902F00C1A2A9 /* ViewController.h */,
				AAC8FE2B1C0C902F00C1A2A9 /* ViewController.m */,
				AAC8FE2D1C0C902F00C1A2A9 /* Main.storyboard */,
				AAC8FE301C0C902F00C1A2A9 /* Assets.xcassets */,
				AAC8FE321C0C902F00C1A2A9 /* LaunchScreen.storyboard */,
				AAC8FE351C0C902F00C1A2A9 /* Info.plist */,
				AAC8FE241C0C902F00C1A2A9 /* Supporting Files */,
			);
			path = objctest;
			sourceTree = "<group>";
		};
		AAC8FE241C0C902F00C1A2A9 /* Supporting Files */ = {
			isa = PBXGroup;
			children = (
				AAC8FE251C0C902F00C1A2A9 /* main.m */,
			);
			name = "Supporting Files";
			sourceTree = "<group>";
		};
		AAC8FE3D1C0C903000C1A2A9 /* objctestTests */ = {
			isa = PBXGroup;
			children = (
				AAC8FE3E1C0C903000C1A2A9 /* objctestTests.m */,
				AAC8FE401C0C903000C1A2A9 /* Info.plist */,
			);
			path = objctestTests;
			sourceTree = "<group>";
		};
		AAC8FE481C0C903000C1A2A9 /* objctestUITests */ = {
			isa = PBXGroup;
			children = (
				AAC8FE491C0C903000C1A2A9 /* objctestUITests.m */,
				AAC8FE4B1C0C903000C1A2A9 /* Info.plist */,
			);
			path = objctestUITests;
			sourceTree = "<group>";
		};
/* End PBXGroup section */

/* Begin PBXNativeTarget section */
		AAC8FE201C0C902F00C1A2A9 /* objctest */ = {
			isa = PBXNativeTarget;
			buildConfigurationList = AAC8FE4E1C0C903000C1A2A9 /* Build configuration list for PBXNativeTarget "objctest" */;
			buildPhases = (
				AAC8FE1D1C0C902F00C1A2A9 /* Sources */,
				AAC8FE1E1C0C902F00C1A2A9 /* Frameworks */,
				AAC8FE1F1C0C902F00C1A2A9 /* Resources */,
			);
			buildRules = (
			);
			dependencies = (
			);
			name = objctest;
			productName = objctest;
			productReference = AAC8FE211C0C902F00C1A2A9 /* objctest.app */;
			productType = "com.apple.product-type.application";
		};
		AAC8FE391C0C903000C1A2A9 /* objctestTests */ = {
			isa = PBXNativeTarget;
			buildConfigurationList = AAC8FE511C0C903000C1A2A9 /* Build configuration list for PBXNativeTarget "objctestTests" */;
			buildPhases = (
				AAC8FE361C0C903000C1A2A9 /* Sources */,
				AAC8FE371C0C903000C1A2A9 /* Frameworks */,
				AAC8FE381C0C903000C1A2A9 /* Resources */,
			);
			buildRules = (
			);
			dependencies = (
				AAC8FE3C1C0C903000C1A2A9 /* PBXTargetDependency */,
			);
			name = objctestTests;
			productName = objctestTests;
			productReference = AAC8FE3A1C0C903000C1A2A9 /* objctestTests.xctest */;
			productType = "com.apple.product-type.bundle.unit-test";
		};
		AAC8FE441C0C903000C1A2A9 /* objctestUITests */ = {
			isa = PBXNativeTarget;
			buildConfigurationList = AAC8FE541C0C903000C1A2A9 /* Build configuration list for PBXNativeTarget "objctestUITests" */;
			buildPhases = (
				AAC8FE411C0C903000C1A2A9 /* Sources */,
				AAC8FE421C0C903000C1A2A9 /* Frameworks */,
				AAC8FE431C0C903000C1A2A9 /* Resources */,
			);
			buildRules = (
			);
			dependencies = (
				AAC8FE471C0C903000C1A2A9 /* PBXTargetDependency */,
			);
			name = objctestUITests;
			productName = objctestUITests;
			productReference = AAC8FE451C0C903000C1A2A9 /* objctestUITests.xctest */;
			productType = "com.apple.product-type.bundle.ui-testing";
		};
/* End PBXNativeTarget section */

/* Begin PBXProject section */
		AAC8FE191C0C902F00C1A2A9 /* Project object */ = {
			isa = PBXProject;
			attributes = {
				LastUpgradeCheck = 0700;
				ORGANIZATIONNAME = Aptito;
				TargetAttributes = {
					AAC8FE201C0C902F00C1A2A9 = {
						CreatedOnToolsVersion = 7.0;
					};
					AAC8FE391C0C903000C1A2A9 = {
						CreatedOnToolsVersion = 7.0;
						TestTargetID = AAC8FE201C0C902F00C1A2A9;
					};
					AAC8FE441C0C903000C1A2A9 = {
						CreatedOnToolsVersion = 7.0;
						TestTargetID = AAC8FE201C0C902F00C1A2A9;
					};
				};
			};
			buildConfigurationList = AAC8FE1C1C0C902F00C1A2A9 /* Build configuration list for PBXProject "objctest" */;
			compatibilityVersion = "Xcode 3.2";
			developmentRegion = English;
			hasScannedForEncodings = 0;
			knownRegions = (
				en,
				Base,
			);
			mainGroup = AAC8FE181C0C902F00C1A2A9;
			productRefGroup = AAC8FE221C0C902F00C1A2A9 /* Products */;
			projectDirPath = "";
			projectRoot = "";
			targets = (
				AAC8FE201C0C902F00C1A2A9 /* objctest */,
				AAC8FE391C0C903000C1A2A9 /* objctestTests */,
				AAC8FE441C0C903000C1A2A9 /* objctestUITests */,
			);
		};
/* End PBXProject section */

/* Begin PBXResourcesBuildPhase section */
		AAC8FE1F1C0C902F00C1A2A9 /* Resources */ = {
			isa = PBXResourcesBuildPhase;
			buildActionMask = 2147483647;
			files = (
				AAC8FE341C0C902F00C1A2A9 /* LaunchScreen.storyboard in Resources */,
				AAC8FE311C0C902F00C1A2A9 /* Assets.xcassets in Resources */,
				AAC8FE2F1C0C902F00C1A2A9 /* Main.storyboard in Resources */,
			);
			runOnlyForDeploymentPostprocessing = 0;
		};
		AAC8FE381C0C903000C1A2A9 /* Resources */ = {
			isa = PBXResourcesBuildPhase;
			buildActionMask = 2147483647;
			files = (
			);
			runOnlyForDeploymentPostprocessing = 0;
		};
		AAC8FE431C0C903000C1A2A9 /* Resources */ = {
			isa = PBXResourcesBuildPhase;
			buildActionMask = 2147483647;
			files = (
			);
			runOnlyForDeploymentPostprocessing = 0;
		};
/* End PBXResourcesBuildPhase section */

/* Begin PBXSourcesBuildPhase section */
		AAC8FE1D1C0C902F00C1A2A9 /* Sources */ = {
			isa = PBXSourcesBuildPhase;
			buildActionMask = 2147483647;
			files = (
				AAC8FE2C1C0C902F00C1A2A9 /* ViewController.m in Sources */,
				AAC8FE291C0C902F00C1A2A9 /* AppDelegate.m in Sources */,
				AAC8FE261C0C902F00C1A2A9 /* main.m in Sources */,
			);
			runOnlyForDeploymentPostprocessing = 0;
		};
		AAC8FE361C0C903000C1A2A9 /* Sources */ = {
			isa = PBXSourcesBuildPhase;
			buildActionMask = 2147483647;
			files = (
				AAC8FE3F1C0C903000C1A2A9 /* objctestTests.m in Sources */,
			);
			runOnlyForDeploymentPostprocessing = 0;
		};
		AAC8FE411C0C903000C1A2A9 /* Sources */ = {
			isa = PBXSourcesBuildPhase;
			buildActionMask = 2147483647;
			files = (
				AAC8FE4A1C0C903000C1A2A9 /* objctestUITests.m in Sources */,
			);
			runOnlyForDeploymentPostprocessing = 0;
		};
/* End PBXSourcesBuildPhase section */

/* Begin PBXTargetDependency section */
		AAC8FE3C1C0C903000C1A2A9 /* PBXTargetDependency */ = {
			isa = PBXTargetDependency;
			target = AAC8FE201C0C902F00C1A2A9 /* objctest */;
			targetProxy = AAC8FE3B1C0C903000C1A2A9 /* PBXContainerItemProxy */;
		};
		AAC8FE471C0C903000C1A2A9 /* PBXTargetDependency */ = {
			isa = PBXTargetDependency;
			target = AAC8FE201C0C902F00C1A2A9 /* objctest */;
			targetProxy = AAC8FE461C0C903000C1A2A9 /* PBXContainerItemProxy */;
		};
/* End PBXTargetDependency section */

/* Begin PBXVariantGroup section */
		AAC8FE2D1C0C902F00C1A2A9 /* Main.storyboard */ = {
			isa = PBXVariantGroup;
			children = (
				AAC8FE2E1C0C902F00C1A2A9 /* Base */,
			);
			name = Main.storyboard;
			sourceTree = "<group>";
		};
		AAC8FE321C0C902F00C1A2A9 /* LaunchScreen.storyboard */ = {
			isa = PBXVariantGroup;
			children = (
				AAC8FE331C0C902F00C1A2A9 /* Base */,
			);
			name = LaunchScreen.storyboard;
			sourceTree = "<group>";
		};
/* End PBXVariantGroup section */

/* Begin XCBuildConfiguration section */
		AAC8FE4C1C0C903000C1A2A9 /* Debug */ = {
			isa = XCBuildConfiguration;
			buildSettings = {
				ALWAYS_SEARCH_USER_PATHS = NO;
				CLANG_CXX_LANGUAGE_STANDARD = "gnu++0x";
				CLANG_CXX_LIBRARY = "libc++";
				CLANG_ENABLE_MODULES = YES;
				CLANG_ENABLE_OBJC_ARC = YES;
				CLANG_WARN_BOOL_CONVERSION = YES;
				CLANG_WARN_CONSTANT_CONVERSION = YES;
				CLANG_WARN_DIRECT_OBJC_ISA_USAGE = YES_ERROR;
				CLANG_WARN_EMPTY_BODY = YES;
				CLANG_WARN_ENUM_CONVERSION = YES;
				CLANG_WARN_INT_CONVERSION = YES;
				CLANG_WARN_OBJC_ROOT_CLASS = YES_ERROR;
				CLANG_WARN_UNREACHABLE_CODE = YES;
				CLANG_WARN__DUPLICATE_METHOD_MATCH = YES;
				"CODE_SIGN_IDENTITY[sdk=iphoneos*]" = "iPhone Developer";
				COPY_PHASE_STRIP = NO;
				DEBUG_INFORMATION_FORMAT = dwarf;
				ENABLE_STRICT_OBJC_MSGSEND = YES;
				ENABLE_TESTABILITY = YES;
				GCC_C_LANGUAGE_STANDARD = gnu99;
				GCC_DYNAMIC_NO_PIC = NO;
				GCC_NO_COMMON_BLOCKS = YES;
				GCC_OPTIMIZATION_LEVEL = 0;
				GCC_PREPROCESSOR_DEFINITIONS = (
					"DEBUG=1",
					"$(inherited)",
				);
				GCC_WARN_64_TO_32_BIT_CONVERSION = YES;
				GCC_WARN_ABOUT_RETURN_TYPE = YES_ERROR;
				GCC_WARN_UNDECLARED_SELECTOR = YES;
				GCC_WARN_UNINITIALIZED_AUTOS = YES_AGGRESSIVE;
				GCC_WARN_UNUSED_FUNCTION = YES;
				GCC_WARN_UNUSED_VARIABLE = YES;
				IPHONEOS_DEPLOYMENT_TARGET = 9.0;
				MTL_ENABLE_DEBUG_INFO = YES;
				ONLY_ACTIVE_ARCH = YES;
				SDKROOT = iphoneos;
				TARGETED_DEVICE_FAMILY = "1,2";
			};
			name = Debug;
		};
		AAC8FE4D1C0C903000C1A2A9 /* Release */ = {
			isa = XCBuildConfiguration;
			buildSettings = {
				ALWAYS_SEARCH_USER_PATHS = NO;
				CLANG_CXX_LANGUAGE_STANDARD = "gnu++0x";
				CLANG_CXX_LIBRARY = "libc++";
				CLANG_ENABLE_MODULES = YES;
				CLANG_ENABLE_OBJC_ARC = YES;
				CLANG_WARN_BOOL_CONVERSION = YES;
				CLANG_WARN_CONSTANT_CONVERSION = YES;
				CLANG_WARN_DIRECT_OBJC_ISA_USAGE = YES_ERROR;
				CLANG_WARN_EMPTY_BODY = YES;
				CLANG_WARN_ENUM_CONVERSION = YES;
				CLANG_WARN_INT_CONVERSION = YES;
				CLANG_WARN_OBJC_ROOT_CLASS = YES_ERROR;
				CLANG_WARN_UNREACHABLE_CODE = YES;
				CLANG_WARN__DUPLICATE_METHOD_MATCH = YES;
				"CODE_SIGN_IDENTITY[sdk=iphoneos*]" = "iPhone Developer";
				COPY_PHASE_STRIP = NO;
				DEBUG_INFORMATION_FORMAT = "dwarf-with-dsym";
				ENABLE_NS_ASSERTIONS = NO;
				ENABLE_STRICT_OBJC_MSGSEND = YES;
				GCC_C_LANGUAGE_STANDARD = gnu99;
				GCC_NO_COMMON_BLOCKS = YES;
				GCC_WARN_64_TO_32_BIT_CONVERSION = YES;
				GCC_WARN_ABOUT_RETURN_TYPE = YES_ERROR;
				GCC_WARN_UNDECLARED_SELECTOR = YES;
				GCC_WARN_UNINITIALIZED_AUTOS = YES_AGGRESSIVE;
				GCC_WARN_UNUSED_FUNCTION = YES;
				GCC_WARN_UNUSED_VARIABLE = YES;
				IPHONEOS_DEPLOYMENT_TARGET = 9.0;
				MTL_ENABLE_DEBUG_INFO = NO;
				SDKROOT = iphoneos;
				TARGETED_DEVICE_FAMILY = "1,2";
				VALIDATE_PRODUCT = YES;
			};
			name = Release;
		};
		AAC8FE4F1C0C903000C1A2A9 /* Debug */ = {
			isa = XCBuildConfiguration;
			buildSettings = {
				ASSETCATALOG_COMPILER_APPICON_NAME = AppIcon;
				INFOPLIST_FILE = objctest/Info.plist;
				LD_RUNPATH_SEARCH_PATHS = "$(inherited) @executable_path/Frameworks";
				PRODUCT_BUNDLE_IDENTIFIER = AG.objctest;
				PRODUCT_NAME = "$(TARGET_NAME)";
			};
			name = Debug;
		};
		AAC8FE501C0C903000C1A2A9 /* Release */ = {
			isa = XCBuildConfiguration;
			buildSettings = {
				ASSETCATALOG_COMPILER_APPICON_NAME = AppIcon;
				INFOPLIST_FILE = objctest/Info.plist;
				LD_RUNPATH_SEARCH_PATHS = "$(inherited) @executable_path/Frameworks";
				PRODUCT_BUNDLE_IDENTIFIER = AG.objctest;
				PRODUCT_NAME = "$(TARGET_NAME)";
			};
			name = Release;
		};
		AAC8FE521C0C903000C1A2A9 /* Debug */ = {
			isa = XCBuildConfiguration;
			buildSettings = {
				BUNDLE_LOADER = "$(TEST_HOST)";
				INFOPLIST_FILE = objctestTests/Info.plist;
				LD_RUNPATH_SEARCH_PATHS = "$(inherited) @executable_path/Frameworks @loader_path/Frameworks";
				PRODUCT_BUNDLE_IDENTIFIER = AG.objctestTests;
				PRODUCT_NAME = "$(TARGET_NAME)";
				TEST_HOST = "$(BUILT_PRODUCTS_DIR)/objctest.app/objctest";
			};
			name = Debug;
		};
		AAC8FE531C0C903000C1A2A9 /* Release */ = {
			isa = XCBuildConfiguration;
			buildSettings = {
				BUNDLE_LOADER = "$(TEST_HOST)";
				INFOPLIST_FILE = objctestTests/Info.plist;
				LD_RUNPATH_SEARCH_PATHS = "$(inherited) @executable_path/Frameworks @loader_path/Frameworks";
				PRODUCT_BUNDLE_IDENTIFIER = AG.objctestTests;
				PRODUCT_NAME = "$(TARGET_NAME)";
				TEST_HOST = "$(BUILT_PRODUCTS_DIR)/objctest.app/objctest";
			};
			name = Release;
		};
		AAC8FE551C0C903000C1A2A9 /* Debug */ = {
			isa = XCBuildConfiguration;
			buildSettings = {
				INFOPLIST_FILE = objctestUITests/Info.plist;
				LD_RUNPATH_SEARCH_PATHS = "$(inherited) @executable_path/Frameworks @loader_path/Frameworks";
				PRODUCT_BUNDLE_IDENTIFIER = AG.objctestUITests;
				PRODUCT_NAME = "$(TARGET_NAME)";
				TEST_TARGET_NAME = objctest;
				USES_XCTRUNNER = YES;
			};
			name = Debug;
		};
		AAC8FE561C0C903000C1A2A9 /* Release */ = {
			isa = XCBuildConfiguration;
			buildSettings = {
				INFOPLIST_FILE = objctestUITests/Info.plist;
				LD_RUNPATH_SEARCH_PATHS = "$(inherited) @executable_path/Frameworks @loader_path/Frameworks";
				PRODUCT_BUNDLE_IDENTIFIER = AG.objctestUITests;
				PRODUCT_NAME = "$(TARGET_NAME)";
				TEST_TARGET_NAME = objctest;
				USES_XCTRUNNER = YES;
			};
			name = Release;
		};
/* End XCBuildConfiguration section */

/* Begin XCConfigurationList section */
		AAC8FE1C1C0C902F00C1A2A9 /* Build configuration list for PBXProject "objctest" */ = {
			isa = XCConfigurationList;
			buildConfigurations = (
				AAC8FE4C1C0C903000C1A2A9 /* Debug */,
				AAC8FE4D1C0C903000C1A2A9 /* Release */,
			);
			defaultConfigurationIsVisible = 0;
			defaultConfigurationName = Release;
		};
		AAC8FE4E1C0C903000C1A2A9 /* Build configuration list for PBXNativeTarget "objctest" */ = {
			isa = XCConfigurationList;
			buildConfigurations = (
				AAC8FE4F1C0C903000C1A2A9 /* Debug */,
				AAC8FE501C0C903000C1A2A9 /* Release */,
			);
			defaultConfigurationIsVisible = 0;
		};
		AAC8FE511C0C903000C1A2A9 /* Build configuration list for PBXNativeTarget "objctestTests" */ = {
			isa = XCConfigurationList;
			buildConfigurations = (
				AAC8FE521C0C903000C1A2A9 /* Debug */,
				AAC8FE531C0C903000C1A2A9 /* Release */,
			);
			defaultConfigurationIsVisible = 0;
		};
		AAC8FE541C0C903000C1A2A9 /* Build configuration list for PBXNativeTarget "objctestUITests" */ = {
			isa = XCConfigurationList;
			buildConfigurations = (
				AAC8FE551C0C903000C1A2A9 /* Debug */,
				AAC8FE561C0C903000C1A2A9 /* Release */,
			);
			defaultConfigurationIsVisible = 0;
		};
/* End XCConfigurationList section */
	};
	rootObject = AAC8FE191C0C902F00C1A2A9 /* Project object */;
}
